
Microsoft Visual Studio Solution File, Format Version 12.00
# Visual Studio Version 17
VisualStudioVersion = 17.9.34714.143
MinimumVisualStudioVersion = 10.0.40219.1
Project("{9A19103F-16F7-4668-BE54-9A1E7A4F7556}") = "Bank", "Bank.csproj", "{01244391-32D7-41D7-8BB0-6D4399695D9D}"
EndProject
Project("{FAE04EC0-301F-11D3-BF4B-00C04F79EFBC}") = "BankTests", "..\BankTest\BankTests.csproj", "{D6808067-4801-43BD-A0B4-CF1AE0F80591}"
EndProject
Global
	GlobalSection(SolutionConfigurationPlatforms) = preSolution
		Debug|Any CPU = Debug|Any CPU
		Release|Any CPU = Release|Any CPU
	EndGlobalSection
	GlobalSection(ProjectConfigurationPlatforms) = postSolution
		{01244391-32D7-41D7-8BB0-6D4399695D9D}.Debug|Any CPU.ActiveCfg = Debug|Any CPU
		{01244391-32D7-41D7-8BB0-6D4399695D9D}.Debug|Any CPU.Build.0 = Debug|Any CPU
		{01244391-32D7-41D7-8BB0-6D4399695D9D}.Release|Any CPU.ActiveCfg = Release|Any CPU
		{01244391-32D7-41D7-8BB0-6D4399695D9D}.Release|Any CPU.Build.0 = Release|Any CPU
		{D6808067-4801-43BD-A0B4-CF1AE0F80591}.Debug|Any CPU.ActiveCfg = Debug|Any CPU
		{D6808067-4801-43BD-A0B4-CF1AE0F80591}.Debug|Any CPU.Build.0 = Debug|Any CPU
		{D6808067-4801-43BD-A0B4-CF1AE0F80591}.Release|Any CPU.ActiveCfg = Release|Any CPU
		{D6808067-4801-43BD-A0B4-CF1AE0F80591}.Release|Any CPU.Build.0 = Release|Any CPU
	EndGlobalSection
	GlobalSection(SolutionProperties) = preSolution
		HideSolutionNode = FALSE
	EndGlobalSection
	GlobalSection(ExtensibilityGlobals) = postSolution
		SolutionGuid = {B48B9CFD-9350-411F-BBF4-146D13F8126D}
	EndGlobalSection
EndGlobal
